
Microsoft Visual Studio Solution File, Format Version 12.00
# Visual Studio Version 17
VisualStudioVersion = 17.3.32825.248
MinimumVisualStudioVersion = 10.0.40219.1
Project("{9A19103F-16F7-4668-BE54-9A1E7A4F7556}") = "ConsoleApp2", "ConsoleApp2\ConsoleApp2.csproj", "{6DBAD0AF-23E5-4CDA-BDD0-D124B61541FF}"
EndProject
Project("{9A19103F-16F7-4668-BE54-9A1E7A4F7556}") = "WebApi1", "WebApi1\WebApi1.csproj", "{90F07574-667F-4513-9F12-FC12D7484198}"
EndProject
Project("{FAE04EC0-301F-11D3-BF4B-00C04F79EFBC}") = "Books", "Books\Books.csproj", "{DA7A206D-FB12-43BC-BBC8-827F6A792F60}"
EndProject
Global
	GlobalSection(SolutionConfigurationPlatforms) = preSolution
		Debug|Any CPU = Debug|Any CPU
		Release|Any CPU = Release|Any CPU
	EndGlobalSection
	GlobalSection(ProjectConfigurationPlatforms) = postSolution
		{6DBAD0AF-23E5-4CDA-BDD0-D124B61541FF}.Debug|Any CPU.ActiveCfg = Debug|Any CPU
		{6DBAD0AF-23E5-4CDA-BDD0-D124B61541FF}.Debug|Any CPU.Build.0 = Debug|Any CPU
		{6DBAD0AF-23E5-4CDA-BDD0-D124B61541FF}.Release|Any CPU.ActiveCfg = Release|Any CPU
		{6DBAD0AF-23E5-4CDA-BDD0-D124B61541FF}.Release|Any CPU.Build.0 = Release|Any CPU
		{90F07574-667F-4513-9F12-FC12D7484198}.Debug|Any CPU.ActiveCfg = Debug|Any CPU
		{90F07574-667F-4513-9F12-FC12D7484198}.Debug|Any CPU.Build.0 = Debug|Any CPU
		{90F07574-667F-4513-9F12-FC12D7484198}.Release|Any CPU.ActiveCfg = Release|Any CPU
		{90F07574-667F-4513-9F12-FC12D7484198}.Release|Any CPU.Build.0 = Release|Any CPU
		{DA7A206D-FB12-43BC-BBC8-827F6A792F60}.Debug|Any CPU.ActiveCfg = Debug|Any CPU
		{DA7A206D-FB12-43BC-BBC8-827F6A792F60}.Debug|Any CPU.Build.0 = Debug|Any CPU
		{DA7A206D-FB12-43BC-BBC8-827F6A792F60}.Release|Any CPU.ActiveCfg = Release|Any CPU
		{DA7A206D-FB12-43BC-BBC8-827F6A792F60}.Release|Any CPU.Build.0 = Release|Any CPU
	EndGlobalSection
	GlobalSection(SolutionProperties) = preSolution
		HideSolutionNode = FALSE
	EndGlobalSection
	GlobalSection(ExtensibilityGlobals) = postSolution
		SolutionGuid = {3CEA19A6-F156-49C7-A69B-D92001831BFA}
	EndGlobalSection
EndGlobal
